Microsoft Visual Studio Solution File, Format Version 12.00
# Visual Studio Version 17
VisualStudioVersion = 17.5.2.0
MinimumVisualStudioVersion = 10.0.40219.1
Project("{FAE04EC0-301F-11D3-BF4B-00C04F79EFBC}") = "PistonBuilder", "PistonBuilder.csproj", "{0C3BD6FB-E577-BABA-6E67-17E705938071}"
EndProject
Global
	GlobalSection(SolutionConfigurationPlatforms) = preSolution
		Debug|Any CPU = Debug|Any CPU
		Release|Any CPU = Release|Any CPU
	EndGlobalSection
	GlobalSection(ProjectConfigurationPlatforms) = postSolution
		{0C3BD6FB-E577-BABA-6E67-17E705938071}.Debug|Any CPU.ActiveCfg = Debug|Any CPU
		{0C3BD6FB-E577-BABA-6E67-17E705938071}.Debug|Any CPU.Build.0 = Debug|Any CPU
		{0C3BD6FB-E577-BABA-6E67-17E705938071}.Release|Any CPU.ActiveCfg = Release|Any CPU
		{0C3BD6FB-E577-BABA-6E67-17E705938071}.Release|Any CPU.Build.0 = Release|Any CPU
	EndGlobalSection
	GlobalSection(SolutionProperties) = preSolution
		HideSolutionNode = FALSE
	EndGlobalSection
	GlobalSection(ExtensibilityGlobals) = postSolution
		SolutionGuid = {DA7CF747-CB13-40A2-B68A-F81523B46B61}
	EndGlobalSection
EndGlobal
